
Microsoft Visual Studio Solution File, Format Version 12.00
# Visual Studio 2013
VisualStudioVersion = 12.0.21005.1
MinimumVisualStudioVersion = 10.0.40219.1
Project("{FAE04EC0-301F-11D3-BF4B-00C04F79EFBC}") = "Betonirai.Data", "Betonirai.Data\Betonirai.Data.csproj", "{740FF55C-A5C7-40D7-B02F-752CF4FDB1A4}"
EndProject
Project("{FAE04EC0-301F-11D3-BF4B-00C04F79EFBC}") = "Betonirai.Repository", "Betonirai.Repository\Betonirai.Repository.csproj", "{8FDCBC94-C054-49A4-9F35-4E29ECC6D97C}"
EndProject
Project("{FAE04EC0-301F-11D3-BF4B-00C04F79EFBC}") = "Betonirai.WebApi", "Betonirai.WebApi\Betonirai.WebApi.csproj", "{7F345BEF-51E4-4D5B-827A-6DD18455EC3B}"
EndProject
Project("{FAE04EC0-301F-11D3-BF4B-00C04F79EFBC}") = "Grimit.Web", "Grimit.Web\Grimit.Web.csproj", "{70FE62A7-40DF-40BC-A5F7-DE893AD3BB05}"
EndProject
Global
	GlobalSection(SolutionConfigurationPlatforms) = preSolution
		Debug|Any CPU = Debug|Any CPU
		Release|Any CPU = Release|Any CPU
	EndGlobalSection
	GlobalSection(ProjectConfigurationPlatforms) = postSolution
		{740FF55C-A5C7-40D7-B02F-752CF4FDB1A4}.Debug|Any CPU.ActiveCfg = Debug|Any CPU
		{740FF55C-A5C7-40D7-B02F-752CF4FDB1A4}.Debug|Any CPU.Build.0 = Debug|Any CPU
		{740FF55C-A5C7-40D7-B02F-752CF4FDB1A4}.Release|Any CPU.ActiveCfg = Release|Any CPU
		{740FF55C-A5C7-40D7-B02F-752CF4FDB1A4}.Release|Any CPU.Build.0 = Release|Any CPU
		{8FDCBC94-C054-49A4-9F35-4E29ECC6D97C}.Debug|Any CPU.ActiveCfg = Debug|Any CPU
		{8FDCBC94-C054-49A4-9F35-4E29ECC6D97C}.Debug|Any CPU.Build.0 = Debug|Any CPU
		{8FDCBC94-C054-49A4-9F35-4E29ECC6D97C}.Release|Any CPU.ActiveCfg = Release|Any CPU
		{8FDCBC94-C054-49A4-9F35-4E29ECC6D97C}.Release|Any CPU.Build.0 = Release|Any CPU
		{7F345BEF-51E4-4D5B-827A-6DD18455EC3B}.Debug|Any CPU.ActiveCfg = Debug|Any CPU
		{7F345BEF-51E4-4D5B-827A-6DD18455EC3B}.Debug|Any CPU.Build.0 = Debug|Any CPU
		{7F345BEF-51E4-4D5B-827A-6DD18455EC3B}.Release|Any CPU.ActiveCfg = Release|Any CPU
		{7F345BEF-51E4-4D5B-827A-6DD18455EC3B}.Release|Any CPU.Build.0 = Release|Any CPU
		{70FE62A7-40DF-40BC-A5F7-DE893AD3BB05}.Debug|Any CPU.ActiveCfg = Debug|Any CPU
		{70FE62A7-40DF-40BC-A5F7-DE893AD3BB05}.Debug|Any CPU.Build.0 = Debug|Any CPU
		{70FE62A7-40DF-40BC-A5F7-DE893AD3BB05}.Release|Any CPU.ActiveCfg = Release|Any CPU
		{70FE62A7-40DF-40BC-A5F7-DE893AD3BB05}.Release|Any CPU.Build.0 = Release|Any CPU
	EndGlobalSection
	GlobalSection(SolutionProperties) = preSolution
		HideSolutionNode = FALSE
	EndGlobalSection
EndGlobal
